
Microsoft Visual Studio Solution File, Format Version 12.00
# Visual Studio Version 16
VisualStudioVersion = 16.0.32106.194
MinimumVisualStudioVersion = 10.0.40219.1
Project("{888888A0-9F3D-457C-B088-3A5042F75D52}") = "ITMO.PyCourse2022.Lab2", "ITMO.PyCourse2022.Lab2\ITMO.PyCourse2022.Lab2.pyproj", "{837B240E-C244-40A3-A16F-797F5EC330A6}"
EndProject
Project("{888888A0-9F3D-457C-B088-3A5042F75D52}") = "ITMO.PyCourse2022.Lab3", "ITMO.PyCourse2022.Lab3\ITMO.PyCourse2022.Lab3.pyproj", "{01DAB876-3D67-40A8-92D0-66B6A01B955B}"
EndProject
Project("{888888A0-9F3D-457C-B088-3A5042F75D52}") = "ITMO.PyCourse2022.Lab5", "ITMO.PyCourse2022.Lab5\ITMO.PyCourse2022.Lab5.pyproj", "{400A9482-6A45-4222-B9D3-AF5CBBE9641C}"
EndProject
Project("{888888A0-9F3D-457C-B088-3A5042F75D52}") = "ITMO.PyCourse2022.Lab4", "ITMO.PyCourse2022.Lab4\ITMO.PyCourse2022.Lab4.pyproj", "{05026C66-2CAE-4827-9EF4-D37D01F7F467}"
EndProject
Project("{888888A0-9F3D-457C-B088-3A5042F75D52}") = "Main_task", "Main_task\Main_task.pyproj", "{B66E7A6B-447D-4E92-8EAF-CD0FDE841A0C}"
EndProject
Global
	GlobalSection(SolutionConfigurationPlatforms) = preSolution
		Debug|Any CPU = Debug|Any CPU
		Release|Any CPU = Release|Any CPU
	EndGlobalSection
	GlobalSection(ProjectConfigurationPlatforms) = postSolution
		{837B240E-C244-40A3-A16F-797F5EC330A6}.Debug|Any CPU.ActiveCfg = Debug|Any CPU
		{837B240E-C244-40A3-A16F-797F5EC330A6}.Release|Any CPU.ActiveCfg = Release|Any CPU
		{01DAB876-3D67-40A8-92D0-66B6A01B955B}.Debug|Any CPU.ActiveCfg = Debug|Any CPU
		{01DAB876-3D67-40A8-92D0-66B6A01B955B}.Release|Any CPU.ActiveCfg = Release|Any CPU
		{400A9482-6A45-4222-B9D3-AF5CBBE9641C}.Debug|Any CPU.ActiveCfg = Debug|Any CPU
		{400A9482-6A45-4222-B9D3-AF5CBBE9641C}.Release|Any CPU.ActiveCfg = Release|Any CPU
		{05026C66-2CAE-4827-9EF4-D37D01F7F467}.Debug|Any CPU.ActiveCfg = Debug|Any CPU
		{05026C66-2CAE-4827-9EF4-D37D01F7F467}.Release|Any CPU.ActiveCfg = Release|Any CPU
		{B66E7A6B-447D-4E92-8EAF-CD0FDE841A0C}.Debug|Any CPU.ActiveCfg = Debug|Any CPU
		{B66E7A6B-447D-4E92-8EAF-CD0FDE841A0C}.Release|Any CPU.ActiveCfg = Release|Any CPU
	EndGlobalSection
	GlobalSection(SolutionProperties) = preSolution
		HideSolutionNode = FALSE
	EndGlobalSection
	GlobalSection(ExtensibilityGlobals) = postSolution
		SolutionGuid = {36780511-1FB5-43FB-AFD7-B4BA5C279EBA}
	EndGlobalSection
EndGlobal
